
Microsoft Visual Studio Solution File, Format Version 12.00
# Visual Studio Version 17
VisualStudioVersion = 17.14.36930.0 d17.14
MinimumVisualStudioVersion = 10.0.40219.1
Project("{FAE04EC0-301F-11D3-BF4B-00C04F79EFBC}") = "PhysicsSansbox", "PhysicsSansbox\PhysicsSansbox.csproj", "{BCA73E5B-FEF6-4936-B93F-363F0B20369C}"
EndProject
Global
	GlobalSection(SolutionConfigurationPlatforms) = preSolution
		Debug|Any CPU = Debug|Any CPU
		Release|Any CPU = Release|Any CPU
	EndGlobalSection
	GlobalSection(ProjectConfigurationPlatforms) = postSolution
		{BCA73E5B-FEF6-4936-B93F-363F0B20369C}.Debug|Any CPU.ActiveCfg = Debug|Any CPU
		{BCA73E5B-FEF6-4936-B93F-363F0B20369C}.Debug|Any CPU.Build.0 = Debug|Any CPU
		{BCA73E5B-FEF6-4936-B93F-363F0B20369C}.Release|Any CPU.ActiveCfg = Release|Any CPU
		{BCA73E5B-FEF6-4936-B93F-363F0B20369C}.Release|Any CPU.Build.0 = Release|Any CPU
	EndGlobalSection
	GlobalSection(SolutionProperties) = preSolution
		HideSolutionNode = FALSE
	EndGlobalSection
	GlobalSection(ExtensibilityGlobals) = postSolution
		SolutionGuid = {7307A0A9-16DA-4946-9C09-8FD4F282543E}
	EndGlobalSection
EndGlobal
